
Microsoft Visual Studio Solution File, Format Version 12.00
# Visual Studio Version 17
VisualStudioVersion = 17.5.33516.290
MinimumVisualStudioVersion = 10.0.40219.1
Project("{9A19103F-16F7-4668-BE54-9A1E7A4F7556}") = "RustStore", "RustStore\RustStore.csproj", "{22169FCD-7530-4480-97B8-0B1A438C5675}"
EndProject
Project("{9A19103F-16F7-4668-BE54-9A1E7A4F7556}") = "DAL", "DAL\DAL.csproj", "{93605C31-8C2C-49C5-904C-D579E56A3056}"
EndProject
Project("{9A19103F-16F7-4668-BE54-9A1E7A4F7556}") = "Domain", "Domain\Domain.csproj", "{15FF3C03-69DA-4570-A7B4-E9069E02356F}"
EndProject
Project("{9A19103F-16F7-4668-BE54-9A1E7A4F7556}") = "Service", "Service\Service.csproj", "{954191FC-4327-44E8-BB70-79A7E55D02D7}"
EndProject
Project("{9A19103F-16F7-4668-BE54-9A1E7A4F7556}") = "PaymentAdapter", "PaymentAdapter\PaymentAdapter.csproj", "{45A57FE0-DEED-4669-9A03-8E87375749AA}"
EndProject
Project("{FAE04EC0-301F-11D3-BF4B-00C04F79EFBC}") = "PaymentServiceManager", "PaymentServiceManager\PaymentServiceManager.csproj", "{E45E7282-D11F-45C0-B157-A5595709B3BF}"
EndProject
Global
	GlobalSection(SolutionConfigurationPlatforms) = preSolution
		Debug|Any CPU = Debug|Any CPU
		Release|Any CPU = Release|Any CPU
	EndGlobalSection
	GlobalSection(ProjectConfigurationPlatforms) = postSolution
		{22169FCD-7530-4480-97B8-0B1A438C5675}.Debug|Any CPU.ActiveCfg = Debug|Any CPU
		{22169FCD-7530-4480-97B8-0B1A438C5675}.Debug|Any CPU.Build.0 = Debug|Any CPU
		{22169FCD-7530-4480-97B8-0B1A438C5675}.Release|Any CPU.ActiveCfg = Release|Any CPU
		{22169FCD-7530-4480-97B8-0B1A438C5675}.Release|Any CPU.Build.0 = Release|Any CPU
		{93605C31-8C2C-49C5-904C-D579E56A3056}.Debug|Any CPU.ActiveCfg = Debug|Any CPU
		{93605C31-8C2C-49C5-904C-D579E56A3056}.Debug|Any CPU.Build.0 = Debug|Any CPU
		{93605C31-8C2C-49C5-904C-D579E56A3056}.Release|Any CPU.ActiveCfg = Release|Any CPU
		{93605C31-8C2C-49C5-904C-D579E56A3056}.Release|Any CPU.Build.0 = Release|Any CPU
		{15FF3C03-69DA-4570-A7B4-E9069E02356F}.Debug|Any CPU.ActiveCfg = Debug|Any CPU
		{15FF3C03-69DA-4570-A7B4-E9069E02356F}.Debug|Any CPU.Build.0 = Debug|Any CPU
		{15FF3C03-69DA-4570-A7B4-E9069E02356F}.Release|Any CPU.ActiveCfg = Release|Any CPU
		{15FF3C03-69DA-4570-A7B4-E9069E02356F}.Release|Any CPU.Build.0 = Release|Any CPU
		{954191FC-4327-44E8-BB70-79A7E55D02D7}.Debug|Any CPU.ActiveCfg = Debug|Any CPU
		{954191FC-4327-44E8-BB70-79A7E55D02D7}.Debug|Any CPU.Build.0 = Debug|Any CPU
		{954191FC-4327-44E8-BB70-79A7E55D02D7}.Release|Any CPU.ActiveCfg = Release|Any CPU
		{954191FC-4327-44E8-BB70-79A7E55D02D7}.Release|Any CPU.Build.0 = Release|Any CPU
		{45A57FE0-DEED-4669-9A03-8E87375749AA}.Debug|Any CPU.ActiveCfg = Debug|Any CPU
		{45A57FE0-DEED-4669-9A03-8E87375749AA}.Debug|Any CPU.Build.0 = Debug|Any CPU
		{45A57FE0-DEED-4669-9A03-8E87375749AA}.Release|Any CPU.ActiveCfg = Release|Any CPU
		{45A57FE0-DEED-4669-9A03-8E87375749AA}.Release|Any CPU.Build.0 = Release|Any CPU
		{E45E7282-D11F-45C0-B157-A5595709B3BF}.Debug|Any CPU.ActiveCfg = Debug|Any CPU
		{E45E7282-D11F-45C0-B157-A5595709B3BF}.Debug|Any CPU.Build.0 = Debug|Any CPU
		{E45E7282-D11F-45C0-B157-A5595709B3BF}.Release|Any CPU.ActiveCfg = Release|Any CPU
		{E45E7282-D11F-45C0-B157-A5595709B3BF}.Release|Any CPU.Build.0 = Release|Any CPU
	EndGlobalSection
	GlobalSection(SolutionProperties) = preSolution
		HideSolutionNode = FALSE
	EndGlobalSection
	GlobalSection(ExtensibilityGlobals) = postSolution
		SolutionGuid = {2D8C3741-4760-4419-9AE2-0833A1BD017C}
	EndGlobalSection
EndGlobal
